name: Refresh audit telemetry lockfile

on:
  push:
    branches:
      - audit-ai-telemetry

permissions:
  contents: write

jobs:
  refresh-lock:
    if: github.actor != 'github-actions[bot]'
    runs-on: ubuntu-latest
    steps:
      - uses: actions/checkout@v4
        with:
          ref: audit-ai-telemetry
      - uses: actions/setup-node@v4
        with:
          node-version: 22
      - run: npm install --package-lock-only --ignore-scripts --no-audit --no-fund
      - name: Commit refreshed lockfile
        run: |
          git config user.name 'github-actions[bot]'
          git config user.email '41898282+github-actions[bot]@users.noreply.github.com'
          if ! git diff --quiet -- package-lock.json; then
            git add package-lock.json
            git commit -m 'chore: sync dependency lockfile'
            git push origin HEAD:audit-ai-telemetry
          fi
